<?xml version="1.0" encoding="utf-8"?>
<Project ToolsVersion="4.0" xmlns="http://schemas.microsoft.com/developer/msbuild/2003">
  <ItemGroup>
    <Filter Include="Quelldateien">
      <UniqueIdentifier>{4FC737F1-C7A5-4376-A066-2A32D752A2FF}</UniqueIdentifier>
      <Extensions>cpp;c;cc;cxx;def;odl;idl;hpj;bat;asm;asmx</Extensions>
    </Filter>
    <Filter Include="Headerdateien">
      <UniqueIdentifier>{93995380-89BD-4b04-88EB-625FBE52EBFB}</UniqueIdentifier>
      <Extensions>h;hh;hpp;hxx;hm;inl;inc;ipp;xsd</Extensions>
    </Filter>
    <Filter Include="Ressourcendateien">
      <UniqueIdentifier>{67DA6AB6-F800-4c08-8B7A-83BB121AAD01}</UniqueIdentifier>
      <Extensions>rc;ico;cur;bmp;dlg;rc2;rct;bin;rgs;gif;jpg;jpeg;jpe;resx;tiff;tif;png;wav;mfcribbon-ms</Extensions>
    </Filter>
    <Filter Include="Quelldateien\shaders">
      <UniqueIdentifier>{4e07cd16-bcf7-43c0-93c4-46441cbfcf9b}</UniqueIdentifier>
    </Filter>
    <Filter Include="Quelldateien\imgui">
      <UniqueIdentifier>{e95b8e19-6810-481f-b487-33125e315891}</UniqueIdentifier>
    </Filter>
    <Filter Include="Quelldateien\physics">
      <UniqueIdentifier>{4cd8cf25-7405-42a1-ab04-e79572b3ad66}</UniqueIdentifier>
    </Filter>
    <Filter Include="Quelldateien\rendering">
      <UniqueIdentifier>{f1c01c47-660b-4d78-8bec-3f1724e6286d}</UniqueIdentifier>
    </Filter>
    <Filter Include="Quelldateien\shaders\terrainShader">
      <UniqueIdentifier>{0fda7d9c-8a1f-4e94-b672-6c42e430658d}</UniqueIdentifier>
    </Filter>
    <Filter Include="Quelldateien\H7cpps">
      <UniqueIdentifier>{6cb781e4-4f28-48df-a3eb-f886bcaa42f3}</UniqueIdentifier>
    </Filter>
    <Filter Include="Headerdateien\H7headers">
      <UniqueIdentifier>{8de272cf-34b0-4ee5-8ec3-2236e3bedaf4}</UniqueIdentifier>
    </Filter>
  </ItemGroup>
  <ItemGroup>
    <ClCompile Include="main.cpp">
      <Filter>Quelldateien</Filter>
    </ClCompile>
    <ClCompile Include="..\Dependencies\src\glad.c">
      <Filter>Quelldateien</Filter>
    </ClCompile>
    <ClCompile Include="stb.cpp">
      <Filter>Quelldateien</Filter>
    </ClCompile>
    <ClCompile Include="..\Dependencies\include\imgui-1.89.1\backends\imgui_impl_glfw.cpp">
      <Filter>Quelldateien\imgui</Filter>
    </ClCompile>
    <ClCompile Include="..\Dependencies\include\imgui-1.89.1\backends\imgui_impl_opengl3.cpp">
      <Filter>Quelldateien\imgui</Filter>
    </ClCompile>
    <ClCompile Include="..\Dependencies\include\imgui-1.89.1\imgui.cpp">
      <Filter>Quelldateien\imgui</Filter>
    </ClCompile>
    <ClCompile Include="..\Dependencies\include\imgui-1.89.1\imgui_demo.cpp">
      <Filter>Quelldateien\imgui</Filter>
    </ClCompile>
    <ClCompile Include="..\Dependencies\include\imgui-1.89.1\imgui_draw.cpp">
      <Filter>Quelldateien\imgui</Filter>
    </ClCompile>
    <ClCompile Include="..\Dependencies\include\imgui-1.89.1\imgui_tables.cpp">
      <Filter>Quelldateien\imgui</Filter>
    </ClCompile>
    <ClCompile Include="..\Dependencies\include\imgui-1.89.1\imgui_widgets.cpp">
      <Filter>Quelldateien\imgui</Filter>
    </ClCompile>
    <ClCompile Include="LinearSpring.cpp">
      <Filter>Quelldateien</Filter>
    </ClCompile>
    <ClCompile Include="fwAircraft.cpp">
      <Filter>Quelldateien</Filter>
    </ClCompile>
    <ClCompile Include="shadowMap.cpp">
      <Filter>Quelldateien\rendering</Filter>
    </ClCompile>
    <ClCompile Include="model.cpp">
      <Filter>Quelldateien</Filter>
    </ClCompile>
    <ClCompile Include="skyRendering.cpp">
      <Filter>Quelldateien\rendering</Filter>
    </ClCompile>
    <ClCompile Include="..\Dependencies\include\Bullet3.24\BulletCollision\CollisionDispatch\btInternalEdgeUtility.cpp">
      <Filter>Quelldateien\physics</Filter>
    </ClCompile>
    <ClCompile Include="..\Dependencies\include\Bullet3.24\BulletCollision\CollisionDispatch\btManifoldResult.cpp">
      <Filter>Quelldateien\physics</Filter>
    </ClCompile>
    <ClCompile Include="H7World.cpp">
      <Filter>Headerdateien\H7headers</Filter>
    </ClCompile>
    <ClCompile Include="H7AssetManager.cpp">
      <Filter>Headerdateien\H7headers</Filter>
    </ClCompile>
    <ClCompile Include="H7Object.cpp">
      <Filter>Headerdateien\H7headers</Filter>
    </ClCompile>
    <ClCompile Include="H7TerrainTile.cpp">
      <Filter>Headerdateien\H7headers</Filter>
    </ClCompile>
    <ClCompile Include="H7TreeCollection.cpp">
      <Filter>Headerdateien\H7headers</Filter>
    </ClCompile>
    <ClCompile Include="H7WheelObject.cpp">
      <Filter>Headerdateien\H7headers</Filter>
    </ClCompile>
    <ClCompile Include="H7Asset.cpp">
      <Filter>Headerdateien\H7headers</Filter>
    </ClCompile>
    <ClCompile Include="H7Aircraft.cpp">
      <Filter>Headerdateien\H7headers</Filter>
    </ClCompile>
  </ItemGroup>
  <ItemGroup>
    <ClInclude Include="shader.h">
      <Filter>Headerdateien</Filter>
    </ClInclude>
    <ClInclude Include="stb_image.h">
      <Filter>Headerdateien</Filter>
    </ClInclude>
    <ClInclude Include="mesh.h">
      <Filter>Headerdateien</Filter>
    </ClInclude>
    <ClInclude Include="model.h">
      <Filter>Headerdateien</Filter>
    </ClInclude>
    <ClInclude Include="physicsObject.h">
      <Filter>Headerdateien</Filter>
    </ClInclude>
    <ClInclude Include="LinearSpring.h">
      <Filter>Headerdateien</Filter>
    </ClInclude>
    <ClInclude Include="flightModel.h">
      <Filter>Headerdateien</Filter>
    </ClInclude>
    <ClInclude Include="debugdraw.h">
      <Filter>Headerdateien</Filter>
    </ClInclude>
    <ClInclude Include="fwAircraft.h">
      <Filter>Headerdateien</Filter>
    </ClInclude>
    <ClInclude Include="shadowMap.h">
      <Filter>Headerdateien</Filter>
    </ClInclude>
    <ClInclude Include="skyRendering.h">
      <Filter>Headerdateien</Filter>
    </ClInclude>
    <ClInclude Include="H7Asset.h">
      <Filter>Headerdateien\H7headers</Filter>
    </ClInclude>
    <ClInclude Include="H7AssetManager.h">
      <Filter>Headerdateien\H7headers</Filter>
    </ClInclude>
    <ClInclude Include="H7Object.h">
      <Filter>Headerdateien\H7headers</Filter>
    </ClInclude>
    <ClInclude Include="H7TerrainTile.h">
      <Filter>Headerdateien\H7headers</Filter>
    </ClInclude>
    <ClInclude Include="H7TreeCollection.h">
      <Filter>Headerdateien\H7headers</Filter>
    </ClInclude>
    <ClInclude Include="H7WheelObject.h">
      <Filter>Headerdateien\H7headers</Filter>
    </ClInclude>
    <ClInclude Include="H7World.h">
      <Filter>Headerdateien\H7headers</Filter>
    </ClInclude>
    <ClInclude Include="H7Aircraft.h">
      <Filter>Headerdateien\H7headers</Filter>
    </ClInclude>
    <ClInclude Include="H7cloudnoiseutil.h">
      <Filter>Headerdateien\H7headers</Filter>
    </ClInclude>
  </ItemGroup>
  <ItemGroup>
    <None Include="debugShader.frag">
      <Filter>Quelldateien\shaders</Filter>
    </None>
    <None Include="fragmentShader.frag">
      <Filter>Quelldateien\shaders</Filter>
    </None>
    <None Include="light_shader.frag">
      <Filter>Quelldateien\shaders</Filter>
    </None>
    <None Include="lightDepthShader.vert">
      <Filter>Quelldateien\shaders</Filter>
    </None>
    <None Include="vertexShader.vert">
      <Filter>Quelldateien\shaders</Filter>
    </None>
    <None Include="empty.frag">
      <Filter>Quelldateien\shaders</Filter>
    </None>
    <None Include="debugPlaneShader.vert">
      <Filter>Quelldateien\shaders</Filter>
    </None>
    <None Include="physicsdebug.frag">
      <Filter>Quelldateien\shaders</Filter>
    </None>
    <None Include="physicsdebug.vert">
      <Filter>Quelldateien\shaders</Filter>
    </None>
    <None Include="skyShader.frag">
      <Filter>Quelldateien\shaders</Filter>
    </None>
    <None Include="skyShader.vert">
      <Filter>Quelldateien\shaders</Filter>
    </None>
    <None Include="debugPlaneShader.frag">
      <Filter>Quelldateien\shaders</Filter>
    </None>
    <None Include="AlphaCullShader.frag">
      <Filter>Quelldateien\shaders</Filter>
    </None>
    <None Include="redrawVShader.vert">
      <Filter>Quelldateien\shaders</Filter>
    </None>
    <None Include="cloudShader.frag">
      <Filter>Quelldateien\shaders</Filter>
    </None>
    <None Include="redrawShader.frag">
      <Filter>Quelldateien\shaders</Filter>
    </None>
    <None Include="vertexTerrainShader.vert">
      <Filter>Quelldateien\shaders\terrainShader</Filter>
    </None>
    <None Include="terrainShader.frag">
      <Filter>Quelldateien\shaders\terrainShader</Filter>
    </None>
  </ItemGroup>
</Project>